
Microsoft Visual Studio Solution File, Format Version 11.00
# Visual Studio 2010
Project("{FAE04EC0-301F-11D3-BF4B-00C04F79EFBC}") = "ARMolekulFinal", "Assembly-CSharp.csproj", "{CD568A79-4B5C-A915-CD70-D4B86D801BE7}"
EndProject
Project("{FAE04EC0-301F-11D3-BF4B-00C04F79EFBC}") = "ARMolekulFinal", "Assembly-CSharp-Editor.csproj", "{38A60170-4BD6-D81F-9EB6-ACBB05F948DC}"
EndProject
Project("{FAE04EC0-301F-11D3-BF4B-00C04F79EFBC}") = "ARMolekulFinal", "Assembly-UnityScript.unityproj", "{4C672AED-5B04-F868-BB5E-B6BFB5EF8C58}"
EndProject
Global
	GlobalSection(SolutionConfigurationPlatforms) = preSolution
		Debug|Any CPU = Debug|Any CPU
		Release|Any CPU = Release|Any CPU
	EndGlobalSection
	GlobalSection(ProjectConfigurationPlatforms) = postSolution
		{CD568A79-4B5C-A915-CD70-D4B86D801BE7}.Debug|Any CPU.ActiveCfg = Debug|Any CPU
		{CD568A79-4B5C-A915-CD70-D4B86D801BE7}.Debug|Any CPU.Build.0 = Debug|Any CPU
		{CD568A79-4B5C-A915-CD70-D4B86D801BE7}.Release|Any CPU.ActiveCfg = Release|Any CPU
		{CD568A79-4B5C-A915-CD70-D4B86D801BE7}.Release|Any CPU.Build.0 = Release|Any CPU
		{38A60170-4BD6-D81F-9EB6-ACBB05F948DC}.Debug|Any CPU.ActiveCfg = Debug|Any CPU
		{38A60170-4BD6-D81F-9EB6-ACBB05F948DC}.Debug|Any CPU.Build.0 = Debug|Any CPU
		{38A60170-4BD6-D81F-9EB6-ACBB05F948DC}.Release|Any CPU.ActiveCfg = Release|Any CPU
		{38A60170-4BD6-D81F-9EB6-ACBB05F948DC}.Release|Any CPU.Build.0 = Release|Any CPU
		{4C672AED-5B04-F868-BB5E-B6BFB5EF8C58}.Debug|Any CPU.ActiveCfg = Debug|Any CPU
		{4C672AED-5B04-F868-BB5E-B6BFB5EF8C58}.Debug|Any CPU.Build.0 = Debug|Any CPU
		{4C672AED-5B04-F868-BB5E-B6BFB5EF8C58}.Release|Any CPU.ActiveCfg = Release|Any CPU
		{4C672AED-5B04-F868-BB5E-B6BFB5EF8C58}.Release|Any CPU.Build.0 = Release|Any CPU
	EndGlobalSection
	GlobalSection(SolutionProperties) = preSolution
		HideSolutionNode = FALSE
	EndGlobalSection
	GlobalSection(MonoDevelopProperties) = preSolution
		StartupItem = Assembly-CSharp.csproj
	EndGlobalSection
EndGlobal
